// !$*UTF8*$!
{
	archiveVersion = 1;
	classes = {
	};
	objectVersion = 52;
	objects = {

/* Begin PBXBuildFile section */
		870E67212719061C0052C01E /* BancoDeAlimentosApp.swift in Sources */ = {isa = PBXBuildFile; fileRef = 870E67202719061C0052C01E /* BancoDeAlimentosApp.swift */; };
		870E67232719061C0052C01E /* ContentView.swift in Sources */ = {isa = PBXBuildFile; fileRef = 870E67222719061C0052C01E /* ContentView.swift */; };
		870E67252719061C0052C01E /* Assets.xcassets in Resources */ = {isa = PBXBuildFile; fileRef = 870E67242719061C0052C01E /* Assets.xcassets */; };
		870E67282719061C0052C01E /* Preview Assets.xcassets in Resources */ = {isa = PBXBuildFile; fileRef = 870E67272719061C0052C01E /* Preview Assets.xcassets */; };
		870E673327190A070052C01E /* Credentials.swift in Sources */ = {isa = PBXBuildFile; fileRef = 870E673227190A070052C01E /* Credentials.swift */; };
		870E673827190A4C0052C01E /* APIService.swift in Sources */ = {isa = PBXBuildFile; fileRef = 870E673727190A4C0052C01E /* APIService.swift */; };
		870E673C27190B3D0052C01E /* UIApplicationExtension.swift in Sources */ = {isa = PBXBuildFile; fileRef = 870E673B27190B3D0052C01E /* UIApplicationExtension.swift */; };
		870E673F27190BB00052C01E /* LoginModel.swift in Sources */ = {isa = PBXBuildFile; fileRef = 870E673E27190BB00052C01E /* LoginModel.swift */; };
		870E674327190D780052C01E /* LoginView.swift in Sources */ = {isa = PBXBuildFile; fileRef = 870E674227190D780052C01E /* LoginView.swift */; };
		870E674727190F570052C01E /* Authentication.swift in Sources */ = {isa = PBXBuildFile; fileRef = 870E674627190F570052C01E /* Authentication.swift */; };
		870E674A271925C50052C01E /* GoogleService-Info.plist in Resources */ = {isa = PBXBuildFile; fileRef = 870E6749271925C50052C01E /* GoogleService-Info.plist */; };
		870E674E271927CE0052C01E /* FirebaseAuth in Frameworks */ = {isa = PBXBuildFile; productRef = 870E674D271927CE0052C01E /* FirebaseAuth */; };
		870E6750271927CE0052C01E /* FirebaseFirestore in Frameworks */ = {isa = PBXBuildFile; productRef = 870E674F271927CE0052C01E /* FirebaseFirestore */; };
		870E6752271927CE0052C01E /* FirebaseDatabase in Frameworks */ = {isa = PBXBuildFile; productRef = 870E6751271927CE0052C01E /* FirebaseDatabase */; };
		870E6755271942FA0052C01E /* SignUpView.swift in Sources */ = {isa = PBXBuildFile; fileRef = 870E6754271942FA0052C01E /* SignUpView.swift */; };
		870E675927195C650052C01E /* GoogleSignIn in Frameworks */ = {isa = PBXBuildFile; productRef = 870E675827195C650052C01E /* GoogleSignIn */; };
		873FD4692721CEDD001EBEA5 /* GameView.swift in Sources */ = {isa = PBXBuildFile; fileRef = 873FD4682721CEDD001EBEA5 /* GameView.swift */; };
		873FD46C2721CEF0001EBEA5 /* DonationsView.swift in Sources */ = {isa = PBXBuildFile; fileRef = 873FD46B2721CEF0001EBEA5 /* DonationsView.swift */; };
		873FD46F2721CEFB001EBEA5 /* RankingView.swift in Sources */ = {isa = PBXBuildFile; fileRef = 873FD46E2721CEFB001EBEA5 /* RankingView.swift */; };
		873FD4722721D36B001EBEA5 /* DonationModel.swift in Sources */ = {isa = PBXBuildFile; fileRef = 873FD4712721D36B001EBEA5 /* DonationModel.swift */; };
		873FD4752721D41F001EBEA5 /* DonationViewModel.swift in Sources */ = {isa = PBXBuildFile; fileRef = 873FD4742721D41F001EBEA5 /* DonationViewModel.swift */; };
		873FD4782721DB6B001EBEA5 /* FirebaseFirestoreSwift-Beta in Frameworks */ = {isa = PBXBuildFile; productRef = 873FD4772721DB6B001EBEA5 /* FirebaseFirestoreSwift-Beta */; };
		873FD47B2721DC18001EBEA5 /* DonationRow.swift in Sources */ = {isa = PBXBuildFile; fileRef = 873FD47A2721DC18001EBEA5 /* DonationRow.swift */; };
		873FD47F2721DEAB001EBEA5 /* Kingfisher in Frameworks */ = {isa = PBXBuildFile; productRef = 873FD47E2721DEAB001EBEA5 /* Kingfisher */; };
		8793C9E42733A4E8005B6A64 /* ImagePicker.swift in Sources */ = {isa = PBXBuildFile; fileRef = 8793C9E32733A4E8005B6A64 /* ImagePicker.swift */; };
		87B14BF82720F6F900752510 /* FacebookLogin in Frameworks */ = {isa = PBXBuildFile; productRef = 87B14BF72720F6F900752510 /* FacebookLogin */; };
		87B14C00272102C900752510 /* FacebookAEM in Frameworks */ = {isa = PBXBuildFile; productRef = 87B14BFF272102C900752510 /* FacebookAEM */; };
		87B14C032721030000752510 /* FacebookCore in Frameworks */ = {isa = PBXBuildFile; productRef = 87B14C022721030000752510 /* FacebookCore */; };
		87B14C062721031300752510 /* FacebookBasics in Frameworks */ = {isa = PBXBuildFile; productRef = 87B14C052721031300752510 /* FacebookBasics */; };
		87B7FCE0272314AE00A4B3E6 /* NewDonationView.swift in Sources */ = {isa = PBXBuildFile; fileRef = 87B7FCDF272314AE00A4B3E6 /* NewDonationView.swift */; };
		F1F9CE813DF5E8ECAF3EE4E4 /* Pods_BancoDeAlimentos.framework in Frameworks */ = {isa = PBXBuildFile; fileRef = C79357DE88502DE5D79DA6B1 /* Pods_BancoDeAlimentos.framework */; };
/* End PBXBuildFile section */

/* Begin PBXFileReference section */
		870E671D2719061C0052C01E /* BancoDeAlimentos.app */ = {isa = PBXFileReference; explicitFileType = wrapper.application; includeInIndex = 0; path = BancoDeAlimentos.app; sourceTree = BUILT_PRODUCTS_DIR; };
		870E67202719061C0052C01E /* BancoDeAlimentosApp.swift */ = {isa = PBXFileReference; lastKnownFileType = sourcecode.swift; path = BancoDeAlimentosApp.swift; sourceTree = "<group>"; };
		870E67222719061C0052C01E /* ContentView.swift */ = {isa = PBXFileReference; lastKnownFileType = sourcecode.swift; path = ContentView.swift; sourceTree = "<group>"; };
		870E67242719061C0052C01E /* Assets.xcassets */ = {isa = PBXFileReference; lastKnownFileType = folder.assetcatalog; path = Assets.xcassets; sourceTree = "<group>"; };
		870E67272719061C0052C01E /* Preview Assets.xcassets */ = {isa = PBXFileReference; lastKnownFileType = folder.assetcatalog; path = "Preview Assets.xcassets"; sourceTree = "<group>"; };
		870E67292719061C0052C01E /* Info.plist */ = {isa = PBXFileReference; lastKnownFileType = text.plist.xml; path = Info.plist; sourceTree = "<group>"; };
		870E673227190A070052C01E /* Credentials.swift */ = {isa = PBXFileReference; lastKnownFileType = sourcecode.swift; path = Credentials.swift; sourceTree = "<group>"; };
		870E673727190A4C0052C01E /* APIService.swift */ = {isa = PBXFileReference; lastKnownFileType = sourcecode.swift; path = APIService.swift; sourceTree = "<group>"; };
		870E673B27190B3D0052C01E /* UIApplicationExtension.swift */ = {isa = PBXFileReference; lastKnownFileType = sourcecode.swift; path = UIApplicationExtension.swift; sourceTree = "<group>"; };
		870E673E27190BB00052C01E /* LoginModel.swift */ = {isa = PBXFileReference; lastKnownFileType = sourcecode.swift; path = LoginModel.swift; sourceTree = "<group>"; };
		870E674227190D780052C01E /* LoginView.swift */ = {isa = PBXFileReference; lastKnownFileType = sourcecode.swift; path = LoginView.swift; sourceTree = "<group>"; };
		870E674627190F570052C01E /* Authentication.swift */ = {isa = PBXFileReference; lastKnownFileType = sourcecode.swift; path = Authentication.swift; sourceTree = "<group>"; };
		870E6749271925C50052C01E /* GoogleService-Info.plist */ = {isa = PBXFileReference; fileEncoding = 4; lastKnownFileType = text.plist.xml; path = "GoogleService-Info.plist"; sourceTree = "<group>"; };
		870E6754271942FA0052C01E /* SignUpView.swift */ = {isa = PBXFileReference; lastKnownFileType = sourcecode.swift; path = SignUpView.swift; sourceTree = "<group>"; };
		873FD4682721CEDD001EBEA5 /* GameView.swift */ = {isa = PBXFileReference; lastKnownFileType = sourcecode.swift; path = GameView.swift; sourceTree = "<group>"; };
		873FD46B2721CEF0001EBEA5 /* DonationsView.swift */ = {isa = PBXFileReference; lastKnownFileType = sourcecode.swift; path = DonationsView.swift; sourceTree = "<group>"; };
		873FD46E2721CEFB001EBEA5 /* RankingView.swift */ = {isa = PBXFileReference; lastKnownFileType = sourcecode.swift; path = RankingView.swift; sourceTree = "<group>"; };
		873FD4712721D36B001EBEA5 /* DonationModel.swift */ = {isa = PBXFileReference; lastKnownFileType = sourcecode.swift; path = DonationModel.swift; sourceTree = "<group>"; };
		873FD4742721D41F001EBEA5 /* DonationViewModel.swift */ = {isa = PBXFileReference; lastKnownFileType = sourcecode.swift; path = DonationViewModel.swift; sourceTree = "<group>"; };
		873FD47A2721DC18001EBEA5 /* DonationRow.swift */ = {isa = PBXFileReference; lastKnownFileType = sourcecode.swift; path = DonationRow.swift; sourceTree = "<group>"; };
		8793C9E32733A4E8005B6A64 /* ImagePicker.swift */ = {isa = PBXFileReference; lastKnownFileType = sourcecode.swift; path = ImagePicker.swift; sourceTree = "<group>"; };
		87B7FCDF272314AE00A4B3E6 /* NewDonationView.swift */ = {isa = PBXFileReference; lastKnownFileType = sourcecode.swift; path = NewDonationView.swift; sourceTree = "<group>"; };
		8C803FCB58CE41EEA813E490 /* Pods-BancoDeAlimentos.release.xcconfig */ = {isa = PBXFileReference; includeInIndex = 1; lastKnownFileType = text.xcconfig; name = "Pods-BancoDeAlimentos.release.xcconfig"; path = "Target Support Files/Pods-BancoDeAlimentos/Pods-BancoDeAlimentos.release.xcconfig"; sourceTree = "<group>"; };
		AFB2A4D3212525EBBC7AA9CA /* Pods-BancoDeAlimentos.debug.xcconfig */ = {isa = PBXFileReference; includeInIndex = 1; lastKnownFileType = text.xcconfig; name = "Pods-BancoDeAlimentos.debug.xcconfig"; path = "Target Support Files/Pods-BancoDeAlimentos/Pods-BancoDeAlimentos.debug.xcconfig"; sourceTree = "<group>"; };
		C79357DE88502DE5D79DA6B1 /* Pods_BancoDeAlimentos.framework */ = {isa = PBXFileReference; explicitFileType = wrapper.framework; includeInIndex = 0; path = Pods_BancoDeAlimentos.framework; sourceTree = BUILT_PRODUCTS_DIR; };
/* End PBXFileReference section */

/* Begin PBXFrameworksBuildPhase section */
		870E671A2719061C0052C01E /* Frameworks */ = {
			isa = PBXFrameworksBuildPhase;
			buildActionMask = 2147483647;
			files = (
				87B14C00272102C900752510 /* FacebookAEM in Frameworks */,
				87B14BF82720F6F900752510 /* FacebookLogin in Frameworks */,
				87B14C032721030000752510 /* FacebookCore in Frameworks */,
				870E6752271927CE0052C01E /* FirebaseDatabase in Frameworks */,
				873FD47F2721DEAB001EBEA5 /* Kingfisher in Frameworks */,
				870E675927195C650052C01E /* GoogleSignIn in Frameworks */,
				87B14C062721031300752510 /* FacebookBasics in Frameworks */,
				873FD4782721DB6B001EBEA5 /* FirebaseFirestoreSwift-Beta in Frameworks */,
				870E674E271927CE0052C01E /* FirebaseAuth in Frameworks */,
				870E6750271927CE0052C01E /* FirebaseFirestore in Frameworks */,
				F1F9CE813DF5E8ECAF3EE4E4 /* Pods_BancoDeAlimentos.framework in Frameworks */,
			);
			runOnlyForDeploymentPostprocessing = 0;
		};
/* End PBXFrameworksBuildPhase section */

/* Begin PBXGroup section */
		870E67142719061C0052C01E = {
			isa = PBXGroup;
			children = (
				870E671F2719061C0052C01E /* BancoDeAlimentos */,
				870E671E2719061C0052C01E /* Products */,
				87B14BFE272102C800752510 /* Frameworks */,
				9BF1CBE2685BF571DF0B55F6 /* Pods */,
			);
			sourceTree = "<group>";
		};
		870E671E2719061C0052C01E /* Products */ = {
			isa = PBXGroup;
			children = (
				870E671D2719061C0052C01E /* BancoDeAlimentos.app */,
			);
			name = Products;
			sourceTree = "<group>";
		};
		870E671F2719061C0052C01E /* BancoDeAlimentos */ = {
			isa = PBXGroup;
			children = (
				870E673627190A3F0052C01E /* Services */,
				870E6731271909F50052C01E /* Views */,
				870E6730271909EE0052C01E /* Models */,
				870E67202719061C0052C01E /* BancoDeAlimentosApp.swift */,
				870E67242719061C0052C01E /* Assets.xcassets */,
				870E67292719061C0052C01E /* Info.plist */,
				870E67262719061C0052C01E /* Preview Content */,
				870E674627190F570052C01E /* Authentication.swift */,
				870E6749271925C50052C01E /* GoogleService-Info.plist */,
				8793C9E32733A4E8005B6A64 /* ImagePicker.swift */,
			);
			path = BancoDeAlimentos;
			sourceTree = "<group>";
		};
		870E67262719061C0052C01E /* Preview Content */ = {
			isa = PBXGroup;
			children = (
				870E67272719061C0052C01E /* Preview Assets.xcassets */,
			);
			path = "Preview Content";
			sourceTree = "<group>";
		};
		870E6730271909EE0052C01E /* Models */ = {
			isa = PBXGroup;
			children = (
				870E673E27190BB00052C01E /* LoginModel.swift */,
				870E673227190A070052C01E /* Credentials.swift */,
				870E673B27190B3D0052C01E /* UIApplicationExtension.swift */,
				873FD4712721D36B001EBEA5 /* DonationModel.swift */,
				873FD4742721D41F001EBEA5 /* DonationViewModel.swift */,
			);
			path = Models;
			sourceTree = "<group>";
		};
		870E6731271909F50052C01E /* Views */ = {
			isa = PBXGroup;
			children = (
				870E67222719061C0052C01E /* ContentView.swift */,
				870E674227190D780052C01E /* LoginView.swift */,
				870E6754271942FA0052C01E /* SignUpView.swift */,
				873FD4682721CEDD001EBEA5 /* GameView.swift */,
				873FD46B2721CEF0001EBEA5 /* DonationsView.swift */,
				873FD46E2721CEFB001EBEA5 /* RankingView.swift */,
				873FD47A2721DC18001EBEA5 /* DonationRow.swift */,
				87B7FCDF272314AE00A4B3E6 /* NewDonationView.swift */,
			);
			path = Views;
			sourceTree = "<group>";
		};
		870E673627190A3F0052C01E /* Services */ = {
			isa = PBXGroup;
			children = (
				870E673727190A4C0052C01E /* APIService.swift */,
			);
			path = Services;
			sourceTree = "<group>";
		};
		87B14BFE272102C800752510 /* Frameworks */ = {
			isa = PBXGroup;
			children = (
				C79357DE88502DE5D79DA6B1 /* Pods_BancoDeAlimentos.framework */,
			);
			name = Frameworks;
			sourceTree = "<group>";
		};
		9BF1CBE2685BF571DF0B55F6 /* Pods */ = {
			isa = PBXGroup;
			children = (
				AFB2A4D3212525EBBC7AA9CA /* Pods-BancoDeAlimentos.debug.xcconfig */,
				8C803FCB58CE41EEA813E490 /* Pods-BancoDeAlimentos.release.xcconfig */,
			);
			path = Pods;
			sourceTree = "<group>";
		};
/* End PBXGroup section */

/* Begin PBXNativeTarget section */
		870E671C2719061C0052C01E /* BancoDeAlimentos */ = {
			isa = PBXNativeTarget;
			buildConfigurationList = 870E672C2719061C0052C01E /* Build configuration list for PBXNativeTarget "BancoDeAlimentos" */;
			buildPhases = (
				13D795562B6B72AE23AF07BB /* [CP] Check Pods Manifest.lock */,
				870E67192719061C0052C01E /* Sources */,
				870E671A2719061C0052C01E /* Frameworks */,
				870E671B2719061C0052C01E /* Resources */,
				B2B519C94AD6F7D7DED10B2B /* [CP] Embed Pods Frameworks */,
			);
			buildRules = (
			);
			dependencies = (
			);
			name = BancoDeAlimentos;
			packageProductDependencies = (
				870E674D271927CE0052C01E /* FirebaseAuth */,
				870E674F271927CE0052C01E /* FirebaseFirestore */,
				870E6751271927CE0052C01E /* FirebaseDatabase */,
				870E675827195C650052C01E /* GoogleSignIn */,
				87B14BF72720F6F900752510 /* FacebookLogin */,
				87B14BFF272102C900752510 /* FacebookAEM */,
				87B14C022721030000752510 /* FacebookCore */,
				87B14C052721031300752510 /* FacebookBasics */,
				873FD4772721DB6B001EBEA5 /* FirebaseFirestoreSwift-Beta */,
				873FD47E2721DEAB001EBEA5 /* Kingfisher */,
			);
			productName = BancoDeAlimentos;
			productReference = 870E671D2719061C0052C01E /* BancoDeAlimentos.app */;
			productType = "com.apple.product-type.application";
		};
/* End PBXNativeTarget section */

/* Begin PBXProject section */
		870E67152719061C0052C01E /* Project object */ = {
			isa = PBXProject;
			attributes = {
				LastSwiftUpdateCheck = 1240;
				LastUpgradeCheck = 1240;
				TargetAttributes = {
					870E671C2719061C0052C01E = {
						CreatedOnToolsVersion = 12.4;
						LastSwiftMigration = 1240;
					};
				};
			};
			buildConfigurationList = 870E67182719061C0052C01E /* Build configuration list for PBXProject "BancoDeAlimentos" */;
			compatibilityVersion = "Xcode 9.3";
			developmentRegion = en;
			hasScannedForEncodings = 0;
			knownRegions = (
				en,
				Base,
			);
			mainGroup = 870E67142719061C0052C01E;
			packageReferences = (
				870E674C271927CE0052C01E /* XCRemoteSwiftPackageReference "firebase-ios-sdk" */,
				870E675727195C650052C01E /* XCRemoteSwiftPackageReference "GoogleSignIn-iOS" */,
				87B14BF62720F6F900752510 /* XCRemoteSwiftPackageReference "facebook-ios-sdk" */,
				873FD47D2721DEAA001EBEA5 /* XCRemoteSwiftPackageReference "Kingfisher" */,
			);
			productRefGroup = 870E671E2719061C0052C01E /* Products */;
			projectDirPath = "";
			projectRoot = "";
			targets = (
				870E671C2719061C0052C01E /* BancoDeAlimentos */,
			);
		};
/* End PBXProject section */

/* Begin PBXResourcesBuildPhase section */
		870E671B2719061C0052C01E /* Resources */ = {
			isa = PBXResourcesBuildPhase;
			buildActionMask = 2147483647;
			files = (
				870E67282719061C0052C01E /* Preview Assets.xcassets in Resources */,
				870E674A271925C50052C01E /* GoogleService-Info.plist in Resources */,
				870E67252719061C0052C01E /* Assets.xcassets in Resources */,
			);
			runOnlyForDeploymentPostprocessing = 0;
		};
/* End PBXResourcesBuildPhase section */

/* Begin PBXShellScriptBuildPhase section */
		13D795562B6B72AE23AF07BB /* [CP] Check Pods Manifest.lock */ = {
			isa = PBXShellScriptBuildPhase;
			buildActionMask = 2147483647;
			files = (
			);
			inputFileListPaths = (
			);
			inputPaths = (
				"${PODS_PODFILE_DIR_PATH}/Podfile.lock",
				"${PODS_ROOT}/Manifest.lock",
			);
			name = "[CP] Check Pods Manifest.lock";
			outputFileListPaths = (
			);
			outputPaths = (
				"$(DERIVED_FILE_DIR)/Pods-BancoDeAlimentos-checkManifestLockResult.txt",
			);
			runOnlyForDeploymentPostprocessing = 0;
			shellPath = /bin/sh;
			shellScript = "diff \"${PODS_PODFILE_DIR_PATH}/Podfile.lock\" \"${PODS_ROOT}/Manifest.lock\" > /dev/null\nif [ $? != 0 ] ; then\n    # print error to STDERR\n    echo \"error: The sandbox is not in sync with the Podfile.lock. Run 'pod install' or update your CocoaPods installation.\" >&2\n    exit 1\nfi\n# This output is used by Xcode 'outputs' to avoid re-running this script phase.\necho \"SUCCESS\" > \"${SCRIPT_OUTPUT_FILE_0}\"\n";
			showEnvVarsInLog = 0;
		};
		B2B519C94AD6F7D7DED10B2B /* [CP] Embed Pods Frameworks */ = {
			isa = PBXShellScriptBuildPhase;
			buildActionMask = 2147483647;
			files = (
			);
			inputFileListPaths = (
				"${PODS_ROOT}/Target Support Files/Pods-BancoDeAlimentos/Pods-BancoDeAlimentos-frameworks-${CONFIGURATION}-input-files.xcfilelist",
			);
			name = "[CP] Embed Pods Frameworks";
			outputFileListPaths = (
				"${PODS_ROOT}/Target Support Files/Pods-BancoDeAlimentos/Pods-BancoDeAlimentos-frameworks-${CONFIGURATION}-output-files.xcfilelist",
			);
			runOnlyForDeploymentPostprocessing = 0;
			shellPath = /bin/sh;
			shellScript = "\"${PODS_ROOT}/Target Support Files/Pods-BancoDeAlimentos/Pods-BancoDeAlimentos-frameworks.sh\"\n";
			showEnvVarsInLog = 0;
		};
/* End PBXShellScriptBuildPhase section */

/* Begin PBXSourcesBuildPhase section */
		870E67192719061C0052C01E /* Sources */ = {
			isa = PBXSourcesBuildPhase;
			buildActionMask = 2147483647;
			files = (
				870E673F27190BB00052C01E /* LoginModel.swift in Sources */,
				87B7FCE0272314AE00A4B3E6 /* NewDonationView.swift in Sources */,
				873FD46F2721CEFB001EBEA5 /* RankingView.swift in Sources */,
				8793C9E42733A4E8005B6A64 /* ImagePicker.swift in Sources */,
				870E674327190D780052C01E /* LoginView.swift in Sources */,
				870E673327190A070052C01E /* Credentials.swift in Sources */,
				873FD47B2721DC18001EBEA5 /* DonationRow.swift in Sources */,
				873FD4752721D41F001EBEA5 /* DonationViewModel.swift in Sources */,
				870E67232719061C0052C01E /* ContentView.swift in Sources */,
				873FD4692721CEDD001EBEA5 /* GameView.swift in Sources */,
				870E673C27190B3D0052C01E /* UIApplicationExtension.swift in Sources */,
				870E673827190A4C0052C01E /* APIService.swift in Sources */,
				870E67212719061C0052C01E /* BancoDeAlimentosApp.swift in Sources */,
				870E6755271942FA0052C01E /* SignUpView.swift in Sources */,
				873FD4722721D36B001EBEA5 /* DonationModel.swift in Sources */,
				870E674727190F570052C01E /* Authentication.swift in Sources */,
				873FD46C2721CEF0001EBEA5 /* DonationsView.swift in Sources */,
			);
			runOnlyForDeploymentPostprocessing = 0;
		};
/* End PBXSourcesBuildPhase section */

/* Begin XCBuildConfiguration section */
		870E672A2719061C0052C01E /* Debug */ = {
			isa = XCBuildConfiguration;
			buildSettings = {
				ALWAYS_SEARCH_USER_PATHS = NO;
				CLANG_ANALYZER_NONNULL = YES;
				CLANG_ANALYZER_NUMBER_OBJECT_CONVERSION = YES_AGGRESSIVE;
				CLANG_CXX_LANGUAGE_STANDARD = "gnu++14";
				CLANG_CXX_LIBRARY = "libc++";
				CLANG_ENABLE_MODULES = YES;
				CLANG_ENABLE_OBJC_ARC = YES;
				CLANG_ENABLE_OBJC_WEAK = YES;
				CLANG_WARN_BLOCK_CAPTURE_AUTORELEASING = YES;
				CLANG_WARN_BOOL_CONVERSION = YES;
				CLANG_WARN_COMMA = YES;
				CLANG_WARN_CONSTANT_CONVERSION = YES;
				CLANG_WARN_DEPRECATED_OBJC_IMPLEMENTATIONS = YES;
				CLANG_WARN_DIRECT_OBJC_ISA_USAGE = YES_ERROR;
				CLANG_WARN_DOCUMENTATION_COMMENTS = YES;
				CLANG_WARN_EMPTY_BODY = YES;
				CLANG_WARN_ENUM_CONVERSION = YES;
				CLANG_WARN_INFINITE_RECURSION = YES;
				CLANG_WARN_INT_CONVERSION = YES;
				CLANG_WARN_NON_LITERAL_NULL_CONVERSION = YES;
				CLANG_WARN_OBJC_IMPLICIT_RETAIN_SELF = YES;
				CLANG_WARN_OBJC_LITERAL_CONVERSION = YES;
				CLANG_WARN_OBJC_ROOT_CLASS = YES_ERROR;
				CLANG_WARN_QUOTED_INCLUDE_IN_FRAMEWORK_HEADER = YES;
				CLANG_WARN_RANGE_LOOP_ANALYSIS = YES;
				CLANG_WARN_STRICT_PROTOTYPES = YES;
				CLANG_WARN_SUSPICIOUS_MOVE = YES;
				CLANG_WARN_UNGUARDED_AVAILABILITY = YES_AGGRESSIVE;
				CLANG_WARN_UNREACHABLE_CODE = YES;
				CLANG_WARN__DUPLICATE_METHOD_MATCH = YES;
				COPY_PHASE_STRIP = NO;
				DEBUG_INFORMATION_FORMAT = dwarf;
				ENABLE_STRICT_OBJC_MSGSEND = YES;
				ENABLE_TESTABILITY = YES;
				GCC_C_LANGUAGE_STANDARD = gnu11;
				GCC_DYNAMIC_NO_PIC = NO;
				GCC_NO_COMMON_BLOCKS = YES;
				GCC_OPTIMIZATION_LEVEL = 0;
				GCC_PREPROCESSOR_DEFINITIONS = (
					"DEBUG=1",
					"$(inherited)",
				);
				GCC_WARN_64_TO_32_BIT_CONVERSION = YES;
				GCC_WARN_ABOUT_RETURN_TYPE = YES_ERROR;
				GCC_WARN_UNDECLARED_SELECTOR = YES;
				GCC_WARN_UNINITIALIZED_AUTOS = YES_AGGRESSIVE;
				GCC_WARN_UNUSED_FUNCTION = YES;
				GCC_WARN_UNUSED_VARIABLE = YES;
				IPHONEOS_DEPLOYMENT_TARGET = 14.4;
				MTL_ENABLE_DEBUG_INFO = INCLUDE_SOURCE;
				MTL_FAST_MATH = YES;
				ONLY_ACTIVE_ARCH = YES;
				SDKROOT = iphoneos;
				SWIFT_ACTIVE_COMPILATION_CONDITIONS = DEBUG;
				SWIFT_OPTIMIZATION_LEVEL = "-Onone";
			};
			name = Debug;
		};
		870E672B2719061C0052C01E /* Release */ = {
			isa = XCBuildConfiguration;
			buildSettings = {
				ALWAYS_SEARCH_USER_PATHS = NO;
				CLANG_ANALYZER_NONNULL = YES;
				CLANG_ANALYZER_NUMBER_OBJECT_CONVERSION = YES_AGGRESSIVE;
				CLANG_CXX_LANGUAGE_STANDARD = "gnu++14";
				CLANG_CXX_LIBRARY = "libc++";
				CLANG_ENABLE_MODULES = YES;
				CLANG_ENABLE_OBJC_ARC = YES;
				CLANG_ENABLE_OBJC_WEAK = YES;
				CLANG_WARN_BLOCK_CAPTURE_AUTORELEASING = YES;
				CLANG_WARN_BOOL_CONVERSION = YES;
				CLANG_WARN_COMMA = YES;
				CLANG_WARN_CONSTANT_CONVERSION = YES;
				CLANG_WARN_DEPRECATED_OBJC_IMPLEMENTATIONS = YES;
				CLANG_WARN_DIRECT_OBJC_ISA_USAGE = YES_ERROR;
				CLANG_WARN_DOCUMENTATION_COMMENTS = YES;
				CLANG_WARN_EMPTY_BODY = YES;
				CLANG_WARN_ENUM_CONVERSION = YES;
				CLANG_WARN_INFINITE_RECURSION = YES;
				CLANG_WARN_INT_CONVERSION = YES;
				CLANG_WARN_NON_LITERAL_NULL_CONVERSION = YES;
				CLANG_WARN_OBJC_IMPLICIT_RETAIN_SELF = YES;
				CLANG_WARN_OBJC_LITERAL_CONVERSION = YES;
				CLANG_WARN_OBJC_ROOT_CLASS = YES_ERROR;
				CLANG_WARN_QUOTED_INCLUDE_IN_FRAMEWORK_HEADER = YES;
				CLANG_WARN_RANGE_LOOP_ANALYSIS = YES;
				CLANG_WARN_STRICT_PROTOTYPES = YES;
				CLANG_WARN_SUSPICIOUS_MOVE = YES;
				CLANG_WARN_UNGUARDED_AVAILABILITY = YES_AGGRESSIVE;
				CLANG_WARN_UNREACHABLE_CODE = YES;
				CLANG_WARN__DUPLICATE_METHOD_MATCH = YES;
				COPY_PHASE_STRIP = NO;
				DEBUG_INFORMATION_FORMAT = "dwarf-with-dsym";
				ENABLE_NS_ASSERTIONS = NO;
				ENABLE_STRICT_OBJC_MSGSEND = YES;
				GCC_C_LANGUAGE_STANDARD = gnu11;
				GCC_NO_COMMON_BLOCKS = YES;
				GCC_WARN_64_TO_32_BIT_CONVERSION = YES;
				GCC_WARN_ABOUT_RETURN_TYPE = YES_ERROR;
				GCC_WARN_UNDECLARED_SELECTOR = YES;
				GCC_WARN_UNINITIALIZED_AUTOS = YES_AGGRESSIVE;
				GCC_WARN_UNUSED_FUNCTION = YES;
				GCC_WARN_UNUSED_VARIABLE = YES;
				IPHONEOS_DEPLOYMENT_TARGET = 14.4;
				MTL_ENABLE_DEBUG_INFO = NO;
				MTL_FAST_MATH = YES;
				SDKROOT = iphoneos;
				SWIFT_COMPILATION_MODE = wholemodule;
				SWIFT_OPTIMIZATION_LEVEL = "-O";
				VALIDATE_PRODUCT = YES;
			};
			name = Release;
		};
		870E672D2719061C0052C01E /* Debug */ = {
			isa = XCBuildConfiguration;
			baseConfigurationReference = AFB2A4D3212525EBBC7AA9CA /* Pods-BancoDeAlimentos.debug.xcconfig */;
			buildSettings = {
				ASSETCATALOG_COMPILER_APPICON_NAME = AppIcon;
				ASSETCATALOG_COMPILER_GLOBAL_ACCENT_COLOR_NAME = AccentColor;
				CLANG_ENABLE_MODULES = YES;
				CODE_SIGN_STYLE = Automatic;
				DEVELOPMENT_ASSET_PATHS = "\"BancoDeAlimentos/Preview Content\"";
				DEVELOPMENT_TEAM = SCUSZS6PXL;
				ENABLE_PREVIEWS = YES;
				EXCLUDED_ARCHS = "";
				INFOPLIST_FILE = BancoDeAlimentos/Info.plist;
				IPHONEOS_DEPLOYMENT_TARGET = 14.0;
				LD_RUNPATH_SEARCH_PATHS = (
					"$(inherited)",
					"@executable_path/Frameworks",
				);
				ONLY_ACTIVE_ARCH = YES;
				PRODUCT_BUNDLE_IDENTIFIER = A00828702.BancoDeAlimentos;
				PRODUCT_NAME = "$(TARGET_NAME)";
				SWIFT_OBJC_BRIDGING_HEADER = "";
				SWIFT_OPTIMIZATION_LEVEL = "-Onone";
				SWIFT_VERSION = 5.0;
				TARGETED_DEVICE_FAMILY = "1,2";
			};
			name = Debug;
		};
		870E672E2719061C0052C01E /* Release */ = {
			isa = XCBuildConfiguration;
			baseConfigurationReference = 8C803FCB58CE41EEA813E490 /* Pods-BancoDeAlimentos.release.xcconfig */;
			buildSettings = {
				ASSETCATALOG_COMPILER_APPICON_NAME = AppIcon;
				ASSETCATALOG_COMPILER_GLOBAL_ACCENT_COLOR_NAME = AccentColor;
				CLANG_ENABLE_MODULES = YES;
				CODE_SIGN_STYLE = Automatic;
				DEVELOPMENT_ASSET_PATHS = "\"BancoDeAlimentos/Preview Content\"";
				DEVELOPMENT_TEAM = SCUSZS6PXL;
				ENABLE_PREVIEWS = YES;
				EXCLUDED_ARCHS = "";
				INFOPLIST_FILE = BancoDeAlimentos/Info.plist;
				IPHONEOS_DEPLOYMENT_TARGET = 14.0;
				LD_RUNPATH_SEARCH_PATHS = (
					"$(inherited)",
					"@executable_path/Frameworks",
				);
				ONLY_ACTIVE_ARCH = YES;
				PRODUCT_BUNDLE_IDENTIFIER = A00828702.BancoDeAlimentos;
				PRODUCT_NAME = "$(TARGET_NAME)";
				SWIFT_OBJC_BRIDGING_HEADER = "";
				SWIFT_VERSION = 5.0;
				TARGETED_DEVICE_FAMILY = "1,2";
			};
			name = Release;
		};
/* End XCBuildConfiguration section */

/* Begin XCConfigurationList section */
		870E67182719061C0052C01E /* Build configuration list for PBXProject "BancoDeAlimentos" */ = {
			isa = XCConfigurationList;
			buildConfigurations = (
				870E672A2719061C0052C01E /* Debug */,
				870E672B2719061C0052C01E /* Release */,
			);
			defaultConfigurationIsVisible = 0;
			defaultConfigurationName = Release;
		};
		870E672C2719061C0052C01E /* Build configuration list for PBXNativeTarget "BancoDeAlimentos" */ = {
			isa = XCConfigurationList;
			buildConfigurations = (
				870E672D2719061C0052C01E /* Debug */,
				870E672E2719061C0052C01E /* Release */,
			);
			defaultConfigurationIsVisible = 0;
			defaultConfigurationName = Release;
		};
/* End XCConfigurationList section */

/* Begin XCRemoteSwiftPackageReference section */
		870E674C271927CE0052C01E /* XCRemoteSwiftPackageReference "firebase-ios-sdk" */ = {
			isa = XCRemoteSwiftPackageReference;
			repositoryURL = "https://github.com/firebase/firebase-ios-sdk.git";
			requirement = {
				kind = upToNextMajorVersion;
				minimumVersion = 8.8.1;
			};
		};
		870E675727195C650052C01E /* XCRemoteSwiftPackageReference "GoogleSignIn-iOS" */ = {
			isa = XCRemoteSwiftPackageReference;
			repositoryURL = "https://github.com/google/GoogleSignIn-iOS";
			requirement = {
				kind = upToNextMajorVersion;
				minimumVersion = 6.0.2;
			};
		};
		873FD47D2721DEAA001EBEA5 /* XCRemoteSwiftPackageReference "Kingfisher" */ = {
			isa = XCRemoteSwiftPackageReference;
			repositoryURL = "https://github.com/onevcat/Kingfisher.git";
			requirement = {
				kind = upToNextMajorVersion;
				minimumVersion = 7.1.1;
			};
		};
		87B14BF62720F6F900752510 /* XCRemoteSwiftPackageReference "facebook-ios-sdk" */ = {
			isa = XCRemoteSwiftPackageReference;
			repositoryURL = "https://github.com/facebook/facebook-ios-sdk";
			requirement = {
				kind = upToNextMajorVersion;
				minimumVersion = 12.0.2;
			};
		};
/* End XCRemoteSwiftPackageReference section */

/* Begin XCSwiftPackageProductDependency section */
		870E674D271927CE0052C01E /* FirebaseAuth */ = {
			isa = XCSwiftPackageProductDependency;
			package = 870E674C271927CE0052C01E /* XCRemoteSwiftPackageReference "firebase-ios-sdk" */;
			productName = FirebaseAuth;
		};
		870E674F271927CE0052C01E /* FirebaseFirestore */ = {
			isa = XCSwiftPackageProductDependency;
			package = 870E674C271927CE0052C01E /* XCRemoteSwiftPackageReference "firebase-ios-sdk" */;
			productName = FirebaseFirestore;
		};
		870E6751271927CE0052C01E /* FirebaseDatabase */ = {
			isa = XCSwiftPackageProductDependency;
			package = 870E674C271927CE0052C01E /* XCRemoteSwiftPackageReference "firebase-ios-sdk" */;
			productName = FirebaseDatabase;
		};
		870E675827195C650052C01E /* GoogleSignIn */ = {
			isa = XCSwiftPackageProductDependency;
			package = 870E675727195C650052C01E /* XCRemoteSwiftPackageReference "GoogleSignIn-iOS" */;
			productName = GoogleSignIn;
		};
		873FD4772721DB6B001EBEA5 /* FirebaseFirestoreSwift-Beta */ = {
			isa = XCSwiftPackageProductDependency;
			package = 870E674C271927CE0052C01E /* XCRemoteSwiftPackageReference "firebase-ios-sdk" */;
			productName = "FirebaseFirestoreSwift-Beta";
		};
		873FD47E2721DEAB001EBEA5 /* Kingfisher */ = {
			isa = XCSwiftPackageProductDependency;
			package = 873FD47D2721DEAA001EBEA5 /* XCRemoteSwiftPackageReference "Kingfisher" */;
			productName = Kingfisher;
		};
		87B14BF72720F6F900752510 /* FacebookLogin */ = {
			isa = XCSwiftPackageProductDependency;
			package = 87B14BF62720F6F900752510 /* XCRemoteSwiftPackageReference "facebook-ios-sdk" */;
			productName = FacebookLogin;
		};
		87B14BFF272102C900752510 /* FacebookAEM */ = {
			isa = XCSwiftPackageProductDependency;
			package = 87B14BF62720F6F900752510 /* XCRemoteSwiftPackageReference "facebook-ios-sdk" */;
			productName = FacebookAEM;
		};
		87B14C022721030000752510 /* FacebookCore */ = {
			isa = XCSwiftPackageProductDependency;
			package = 87B14BF62720F6F900752510 /* XCRemoteSwiftPackageReference "facebook-ios-sdk" */;
			productName = FacebookCore;
		};
		87B14C052721031300752510 /* FacebookBasics */ = {
			isa = XCSwiftPackageProductDependency;
			package = 87B14BF62720F6F900752510 /* XCRemoteSwiftPackageReference "facebook-ios-sdk" */;
			productName = FacebookBasics;
		};
/* End XCSwiftPackageProductDependency section */
	};
	rootObject = 870E67152719061C0052C01E /* Project object */;
}
